
Microsoft Visual Studio Solution File, Format Version 12.00
# Visual Studio Version 16
VisualStudioVersion = 16.0.29509.3
MinimumVisualStudioVersion = 10.0.40219.1
Project("{9A19103F-16F7-4668-BE54-9A1E7A4F7556}") = "Common", "Common\Common.csproj", "{EA30E82E-B3FF-48EB-AAAE-D149FC212362}"
EndProject
Project("{9A19103F-16F7-4668-BE54-9A1E7A4F7556}") = "Domain", "Domain\Domain.csproj", "{D2DD1E74-7459-4AF9-9CFB-13FCB9EB69BF}"
EndProject
Project("{9A19103F-16F7-4668-BE54-9A1E7A4F7556}") = "Domain.Interface", "Domain.Interface\Domain.Interface.csproj", "{14954650-20C4-4A27-B3B7-576A4C641255}"
EndProject
Project("{9A19103F-16F7-4668-BE54-9A1E7A4F7556}") = "FiatLeadImportService", "FiatLeadImportService\FiatLeadImportService.csproj", "{F441575E-EBFB-4A8C-AAE0-94BA1BDB1496}"
EndProject
Project("{9A19103F-16F7-4668-BE54-9A1E7A4F7556}") = "LeadImportServiceAccess", "LeadImportServiceAccess\LeadImportServiceAccess.csproj", "{273270D7-49DF-4341-8260-CE1827089D22}"
EndProject
Project("{9A19103F-16F7-4668-BE54-9A1E7A4F7556}") = "MailboxAccess", "MailboxAccess\MailboxAccess.csproj", "{28A5812E-D8B0-4669-AF23-24C7EECB1EBE}"
EndProject
Project("{9A19103F-16F7-4668-BE54-9A1E7A4F7556}") = "Test", "Test\Test.csproj", "{86C5D32A-8AC0-4326-A72F-AADA248E3156}"
EndProject
Global
	GlobalSection(SolutionConfigurationPlatforms) = preSolution
		Debug|Any CPU = Debug|Any CPU
		Release|Any CPU = Release|Any CPU
	EndGlobalSection
	GlobalSection(ProjectConfigurationPlatforms) = postSolution
		{EA30E82E-B3FF-48EB-AAAE-D149FC212362}.Debug|Any CPU.ActiveCfg = Debug|Any CPU
		{EA30E82E-B3FF-48EB-AAAE-D149FC212362}.Debug|Any CPU.Build.0 = Debug|Any CPU
		{EA30E82E-B3FF-48EB-AAAE-D149FC212362}.Release|Any CPU.ActiveCfg = Release|Any CPU
		{EA30E82E-B3FF-48EB-AAAE-D149FC212362}.Release|Any CPU.Build.0 = Release|Any CPU
		{D2DD1E74-7459-4AF9-9CFB-13FCB9EB69BF}.Debug|Any CPU.ActiveCfg = Debug|Any CPU
		{D2DD1E74-7459-4AF9-9CFB-13FCB9EB69BF}.Debug|Any CPU.Build.0 = Debug|Any CPU
		{D2DD1E74-7459-4AF9-9CFB-13FCB9EB69BF}.Release|Any CPU.ActiveCfg = Release|Any CPU
		{D2DD1E74-7459-4AF9-9CFB-13FCB9EB69BF}.Release|Any CPU.Build.0 = Release|Any CPU
		{14954650-20C4-4A27-B3B7-576A4C641255}.Debug|Any CPU.ActiveCfg = Debug|Any CPU
		{14954650-20C4-4A27-B3B7-576A4C641255}.Debug|Any CPU.Build.0 = Debug|Any CPU
		{14954650-20C4-4A27-B3B7-576A4C641255}.Release|Any CPU.ActiveCfg = Release|Any CPU
		{14954650-20C4-4A27-B3B7-576A4C641255}.Release|Any CPU.Build.0 = Release|Any CPU
		{F441575E-EBFB-4A8C-AAE0-94BA1BDB1496}.Debug|Any CPU.ActiveCfg = Debug|Any CPU
		{F441575E-EBFB-4A8C-AAE0-94BA1BDB1496}.Debug|Any CPU.Build.0 = Debug|Any CPU
		{F441575E-EBFB-4A8C-AAE0-94BA1BDB1496}.Release|Any CPU.ActiveCfg = Release|Any CPU
		{F441575E-EBFB-4A8C-AAE0-94BA1BDB1496}.Release|Any CPU.Build.0 = Release|Any CPU
		{273270D7-49DF-4341-8260-CE1827089D22}.Debug|Any CPU.ActiveCfg = Debug|Any CPU
		{273270D7-49DF-4341-8260-CE1827089D22}.Debug|Any CPU.Build.0 = Debug|Any CPU
		{273270D7-49DF-4341-8260-CE1827089D22}.Release|Any CPU.ActiveCfg = Release|Any CPU
		{273270D7-49DF-4341-8260-CE1827089D22}.Release|Any CPU.Build.0 = Release|Any CPU
		{28A5812E-D8B0-4669-AF23-24C7EECB1EBE}.Debug|Any CPU.ActiveCfg = Debug|Any CPU
		{28A5812E-D8B0-4669-AF23-24C7EECB1EBE}.Debug|Any CPU.Build.0 = Debug|Any CPU
		{28A5812E-D8B0-4669-AF23-24C7EECB1EBE}.Release|Any CPU.ActiveCfg = Release|Any CPU
		{28A5812E-D8B0-4669-AF23-24C7EECB1EBE}.Release|Any CPU.Build.0 = Release|Any CPU
		{86C5D32A-8AC0-4326-A72F-AADA248E3156}.Debug|Any CPU.ActiveCfg = Debug|Any CPU
		{86C5D32A-8AC0-4326-A72F-AADA248E3156}.Debug|Any CPU.Build.0 = Debug|Any CPU
		{86C5D32A-8AC0-4326-A72F-AADA248E3156}.Release|Any CPU.ActiveCfg = Release|Any CPU
		{86C5D32A-8AC0-4326-A72F-AADA248E3156}.Release|Any CPU.Build.0 = Release|Any CPU
	EndGlobalSection
	GlobalSection(SolutionProperties) = preSolution
		HideSolutionNode = FALSE
	EndGlobalSection
	GlobalSection(ExtensibilityGlobals) = postSolution
		SolutionGuid = {6B517265-CA1D-4678-9320-442AFE6C3CD8}
	EndGlobalSection
EndGlobal
